{
  "version": 4,
  "terraform_version": "0.12.24",
  "serial": 11,
  "lineage": "ca2efa19-4784-fd96-943d-3b467e0a452e",
  "outputs": {},
  "resources": [
    {
      "mode": "managed",
      "type": "azurerm_batch_account",
      "name": "MDSBatchACCT",
      "provider": "provider.azurerm",
      "instances": [
        {
          "schema_version": 0,
          "attributes": {
            "account_endpoint": "mdsbatchaccount.eastus.batch.azure.com",
            "id": "/subscriptions/0b97f93e-03fa-49ab-a749-a10c33756e8e/resourceGroups/mdsdatafactory/providers/Microsoft.Batch/batchAccounts/mdsbatchaccount",
            "key_vault_reference": [],
            "location": "eastus",
            "name": "mdsbatchaccount",
            "pool_allocation_mode": "BatchService",
            "primary_access_key": "H9pQ8mK6627LkWkdkYe8PKdKOncO1yeaneBDGqDEqX2FUKdh99N8cfXZODAGzTZZs9Z4iH/NziuV4TzHhAAOIw==",
            "resource_group_name": "mdsdatafactory",
            "secondary_access_key": "yl4GkcQ6GxS4cin4EQg/3xUKRkO65y7TbCtAABATSBsrCoK1/I8rE9ad1RzUHGiM+7/EJ2EY583MXGAsMeuMtA==",
            "storage_account_id": "/subscriptions/0b97f93e-03fa-49ab-a749-a10c33756e8e/resourceGroups/mdsdatafactory/providers/Microsoft.Storage/storageAccounts/mdsbatchstorage",
            "tags": {
              "environment": "test"
            },
            "timeouts": null
          },
          "private": "eyJlMmJmYjczMC1lY2FhLTExZTYtOGY4OC0zNDM2M2JjN2M0YzAiOnsiY3JlYXRlIjoxODAwMDAwMDAwMDAwLCJkZWxldGUiOjE4MDAwMDAwMDAwMDAsInJlYWQiOjMwMDAwMDAwMDAwMCwidXBkYXRlIjoxODAwMDAwMDAwMDAwfX0=",
          "dependencies": [
            "azurerm_resource_group.MDSDATAFAC",
            "azurerm_storage_account.MDSBatch"
          ]
        }
      ]
    },
    {
      "mode": "managed",
      "type": "azurerm_data_factory_linked_service_sql_server",
      "name": "MDSDAFACLSSIS",
      "provider": "provider.azurerm",
      "instances": []
    },
    {
      "mode": "managed",
      "type": "azurerm_data_lake_store",
      "name": "MDSDataLS",
      "provider": "provider.azurerm",
      "instances": [
        {
          "schema_version": 0,
          "attributes": {
            "encryption_state": "Enabled",
            "encryption_type": "ServiceManaged",
            "endpoint": "mdsconsumptiondatalake.azuredatalakestore.net",
            "firewall_allow_azure_ips": "Enabled",
            "firewall_state": "Enabled",
            "id": "/subscriptions/0b97f93e-03fa-49ab-a749-a10c33756e8e/resourceGroups/mdsdatafactory/providers/Microsoft.DataLakeStore/accounts/mdsconsumptiondatalake",
            "location": "eastus2",
            "name": "mdsconsumptiondatalake",
            "resource_group_name": "mdsdatafactory",
            "tags": null,
            "tier": "Consumption",
            "timeouts": null
          },
          "private": "eyJlMmJmYjczMC1lY2FhLTExZTYtOGY4OC0zNDM2M2JjN2M0YzAiOnsiY3JlYXRlIjoxODAwMDAwMDAwMDAwLCJkZWxldGUiOjE4MDAwMDAwMDAwMDAsInJlYWQiOjMwMDAwMDAwMDAwMCwidXBkYXRlIjoxODAwMDAwMDAwMDAwfX0=",
          "dependencies": [
            "azurerm_resource_group.MDSDATAFAC"
          ]
        }
      ]
    },
    {
      "mode": "managed",
      "type": "azurerm_resource_group",
      "name": "MDSDATAFAC",
      "provider": "provider.azurerm",
      "instances": [
        {
          "schema_version": 0,
          "attributes": {
            "id": "/subscriptions/0b97f93e-03fa-49ab-a749-a10c33756e8e/resourceGroups/mdsdatafactory",
            "location": "eastus",
            "name": "mdsdatafactory",
            "tags": {},
            "timeouts": null
          },
          "private": "eyJlMmJmYjczMC1lY2FhLTExZTYtOGY4OC0zNDM2M2JjN2M0YzAiOnsiY3JlYXRlIjo1NDAwMDAwMDAwMDAwLCJkZWxldGUiOjU0MDAwMDAwMDAwMDAsInJlYWQiOjMwMDAwMDAwMDAwMCwidXBkYXRlIjo1NDAwMDAwMDAwMDAwfX0="
        }
      ]
    },
    {
      "mode": "managed",
      "type": "azurerm_sql_database",
      "name": "MDSDB",
      "provider": "provider.azurerm",
      "instances": [
        {
          "schema_version": 0,
          "attributes": {
            "collation": "SQL_Latin1_General_CP1_CI_AS",
            "create_mode": "Default",
            "creation_date": "2020-05-28T13:50:04.15Z",
            "default_secondary_location": "West US",
            "edition": "GeneralPurpose",
            "elastic_pool_name": "",
            "encryption": "",
            "extended_auditing_policy": [
              {
                "retention_in_days": 6,
                "storage_account_access_key": "a/Eqkdg2KHsqI8SIkBG0t7WTzOcsZ2hJjdrrjuTHWNVocGXW5CT7bcF8xF53cSaTxv8WJPioQmEslLtSqiwaEQ==",
                "storage_account_access_key_is_secondary": true,
                "storage_endpoint": "https://mdssqlacct.blob.core.windows.net/"
              }
            ],
            "id": "/subscriptions/0b97f93e-03fa-49ab-a749-a10c33756e8e/resourceGroups/mdsdatafactory/providers/Microsoft.Sql/servers/mdsdfmysqlserver/databases/mdssqldatabase",
            "import": [],
            "location": "eastus",
            "max_size_bytes": "34359738368",
            "max_size_gb": null,
            "name": "mdssqldatabase",
            "read_scale": false,
            "requested_service_objective_id": "f21733ad-9b9b-4d4e-a4fa-94a133c41718",
            "requested_service_objective_name": "GP_Gen5_2",
            "resource_group_name": "mdsdatafactory",
            "restore_point_in_time": null,
            "server_name": "mdsdfmysqlserver",
            "source_database_deletion_date": null,
            "source_database_id": null,
            "tags": {
              "environment": "test"
            },
            "threat_detection_policy": [
              {
                "disabled_alerts": [],
                "email_account_admins": "Disabled",
                "email_addresses": [],
                "retention_days": 0,
                "state": "Disabled",
                "storage_account_access_key": "",
                "storage_endpoint": "",
                "use_server_default": "Disabled"
              }
            ],
            "timeouts": null,
            "zone_redundant": false
          },
          "private": "eyJlMmJmYjczMC1lY2FhLTExZTYtOGY4OC0zNDM2M2JjN2M0YzAiOnsiY3JlYXRlIjozNjAwMDAwMDAwMDAwLCJkZWxldGUiOjM2MDAwMDAwMDAwMDAsInJlYWQiOjMwMDAwMDAwMDAwMCwidXBkYXRlIjozNjAwMDAwMDAwMDAwfX0=",
          "dependencies": [
            "azurerm_resource_group.MDSDATAFAC",
            "azurerm_sql_server.MDSDFSQL",
            "azurerm_storage_account.MDSSQLSTORACCT"
          ]
        }
      ]
    },
    {
      "mode": "managed",
      "type": "azurerm_sql_server",
      "name": "MDSDFSQL",
      "provider": "provider.azurerm",
      "instances": [
        {
          "schema_version": 0,
          "attributes": {
            "administrator_login": "4dm1n157r470r",
            "administrator_login_password": "4-v3ry-53cr37-p455w0rd",
            "extended_auditing_policy": [],
            "fully_qualified_domain_name": "mdsdfmysqlserver.database.windows.net",
            "id": "/subscriptions/0b97f93e-03fa-49ab-a749-a10c33756e8e/resourceGroups/mdsdatafactory/providers/Microsoft.Sql/servers/mdsdfmysqlserver",
            "identity": [],
            "location": "eastus",
            "name": "mdsdfmysqlserver",
            "resource_group_name": "mdsdatafactory",
            "tags": {
              "environment": "test"
            },
            "timeouts": null,
            "version": "12.0"
          },
          "private": "eyJlMmJmYjczMC1lY2FhLTExZTYtOGY4OC0zNDM2M2JjN2M0YzAiOnsiY3JlYXRlIjozNjAwMDAwMDAwMDAwLCJkZWxldGUiOjM2MDAwMDAwMDAwMDAsInJlYWQiOjMwMDAwMDAwMDAwMCwidXBkYXRlIjozNjAwMDAwMDAwMDAwfX0=",
          "dependencies": [
            "azurerm_resource_group.MDSDATAFAC"
          ]
        }
      ]
    },
    {
      "mode": "managed",
      "type": "azurerm_storage_account",
      "name": "MDSBatch",
      "provider": "provider.azurerm",
      "instances": [
        {
          "schema_version": 2,
          "attributes": {
            "access_tier": "Hot",
            "account_kind": "StorageV2",
            "account_replication_type": "LRS",
            "account_tier": "Standard",
            "blob_properties": [],
            "custom_domain": [],
            "enable_https_traffic_only": true,
            "id": "/subscriptions/0b97f93e-03fa-49ab-a749-a10c33756e8e/resourceGroups/mdsdatafactory/providers/Microsoft.Storage/storageAccounts/mdsbatchstorage",
            "identity": [],
            "is_hns_enabled": false,
            "location": "eastus",
            "name": "mdsbatchstorage",
            "network_rules": [
              {
                "bypass": [
                  "AzureServices"
                ],
                "default_action": "Allow",
                "ip_rules": [],
                "virtual_network_subnet_ids": []
              }
            ],
            "primary_access_key": "vOPHQumgHhCTxHViCMIgbTSa3iSsN8qJgm3X4+tpR+tLMRMQ5PoIrgCjvJlz086IfZTDx1gtCr1N68RcZu6JAQ==",
            "primary_blob_connection_string": "DefaultEndpointsProtocol=https;BlobEndpoint=https://mdsbatchstorage.blob.core.windows.net/;AccountName=mdsbatchstorage;AccountKey=vOPHQumgHhCTxHViCMIgbTSa3iSsN8qJgm3X4+tpR+tLMRMQ5PoIrgCjvJlz086IfZTDx1gtCr1N68RcZu6JAQ==",
            "primary_blob_endpoint": "https://mdsbatchstorage.blob.core.windows.net/",
            "primary_blob_host": "mdsbatchstorage.blob.core.windows.net",
            "primary_connection_string": "DefaultEndpointsProtocol=https;AccountName=mdsbatchstorage;AccountKey=vOPHQumgHhCTxHViCMIgbTSa3iSsN8qJgm3X4+tpR+tLMRMQ5PoIrgCjvJlz086IfZTDx1gtCr1N68RcZu6JAQ==;EndpointSuffix=core.windows.net",
            "primary_dfs_endpoint": "https://mdsbatchstorage.dfs.core.windows.net/",
            "primary_dfs_host": "mdsbatchstorage.dfs.core.windows.net",
            "primary_file_endpoint": "https://mdsbatchstorage.file.core.windows.net/",
            "primary_file_host": "mdsbatchstorage.file.core.windows.net",
            "primary_location": "eastus",
            "primary_queue_endpoint": "https://mdsbatchstorage.queue.core.windows.net/",
            "primary_queue_host": "mdsbatchstorage.queue.core.windows.net",
            "primary_table_endpoint": "https://mdsbatchstorage.table.core.windows.net/",
            "primary_table_host": "mdsbatchstorage.table.core.windows.net",
            "primary_web_endpoint": "https://mdsbatchstorage.z13.web.core.windows.net/",
            "primary_web_host": "mdsbatchstorage.z13.web.core.windows.net",
            "queue_properties": [
              {
                "cors_rule": [],
                "hour_metrics": [
                  {
                    "enabled": true,
                    "include_apis": true,
                    "retention_policy_days": 7,
                    "version": "1.0"
                  }
                ],
                "logging": [
                  {
                    "delete": false,
                    "read": false,
                    "retention_policy_days": 0,
                    "version": "1.0",
                    "write": false
                  }
                ],
                "minute_metrics": [
                  {
                    "enabled": false,
                    "include_apis": false,
                    "retention_policy_days": 0,
                    "version": "1.0"
                  }
                ]
              }
            ],
            "resource_group_name": "mdsdatafactory",
            "secondary_access_key": "kWBGVO69vToVzsRem69i3XYxKqVC/FXt7hedHg0//+wMkvZR9npeS4WcS5SeU6NoO1F7UfCT4A7YH/Wkmcpj3g==",
            "secondary_blob_connection_string": "",
            "secondary_blob_endpoint": null,
            "secondary_blob_host": null,
            "secondary_connection_string": "DefaultEndpointsProtocol=https;AccountName=mdsbatchstorage;AccountKey=kWBGVO69vToVzsRem69i3XYxKqVC/FXt7hedHg0//+wMkvZR9npeS4WcS5SeU6NoO1F7UfCT4A7YH/Wkmcpj3g==;EndpointSuffix=core.windows.net",
            "secondary_dfs_endpoint": null,
            "secondary_dfs_host": null,
            "secondary_file_endpoint": null,
            "secondary_file_host": null,
            "secondary_location": "",
            "secondary_queue_endpoint": null,
            "secondary_queue_host": null,
            "secondary_table_endpoint": null,
            "secondary_table_host": null,
            "secondary_web_endpoint": null,
            "secondary_web_host": null,
            "static_website": [],
            "tags": {},
            "timeouts": null
          },
          "private": "eyJlMmJmYjczMC1lY2FhLTExZTYtOGY4OC0zNDM2M2JjN2M0YzAiOnsiY3JlYXRlIjozNjAwMDAwMDAwMDAwLCJkZWxldGUiOjM2MDAwMDAwMDAwMDAsInJlYWQiOjMwMDAwMDAwMDAwMCwidXBkYXRlIjozNjAwMDAwMDAwMDAwfSwic2NoZW1hX3ZlcnNpb24iOiIyIn0=",
          "dependencies": [
            "azurerm_resource_group.MDSDATAFAC"
          ]
        }
      ]
    },
    {
      "mode": "managed",
      "type": "azurerm_storage_account",
      "name": "MDSSQLSTORACCT",
      "provider": "provider.azurerm",
      "instances": [
        {
          "schema_version": 2,
          "attributes": {
            "access_tier": "Hot",
            "account_kind": "StorageV2",
            "account_replication_type": "LRS",
            "account_tier": "Standard",
            "blob_properties": [],
            "custom_domain": [],
            "enable_https_traffic_only": true,
            "id": "/subscriptions/0b97f93e-03fa-49ab-a749-a10c33756e8e/resourceGroups/mdsdatafactory/providers/Microsoft.Storage/storageAccounts/mdssqlacct",
            "identity": [],
            "is_hns_enabled": false,
            "location": "eastus",
            "name": "mdssqlacct",
            "network_rules": [
              {
                "bypass": [
                  "AzureServices"
                ],
                "default_action": "Allow",
                "ip_rules": [],
                "virtual_network_subnet_ids": []
              }
            ],
            "primary_access_key": "a/Eqkdg2KHsqI8SIkBG0t7WTzOcsZ2hJjdrrjuTHWNVocGXW5CT7bcF8xF53cSaTxv8WJPioQmEslLtSqiwaEQ==",
            "primary_blob_connection_string": "DefaultEndpointsProtocol=https;BlobEndpoint=https://mdssqlacct.blob.core.windows.net/;AccountName=mdssqlacct;AccountKey=a/Eqkdg2KHsqI8SIkBG0t7WTzOcsZ2hJjdrrjuTHWNVocGXW5CT7bcF8xF53cSaTxv8WJPioQmEslLtSqiwaEQ==",
            "primary_blob_endpoint": "https://mdssqlacct.blob.core.windows.net/",
            "primary_blob_host": "mdssqlacct.blob.core.windows.net",
            "primary_connection_string": "DefaultEndpointsProtocol=https;AccountName=mdssqlacct;AccountKey=a/Eqkdg2KHsqI8SIkBG0t7WTzOcsZ2hJjdrrjuTHWNVocGXW5CT7bcF8xF53cSaTxv8WJPioQmEslLtSqiwaEQ==;EndpointSuffix=core.windows.net",
            "primary_dfs_endpoint": "https://mdssqlacct.dfs.core.windows.net/",
            "primary_dfs_host": "mdssqlacct.dfs.core.windows.net",
            "primary_file_endpoint": "https://mdssqlacct.file.core.windows.net/",
            "primary_file_host": "mdssqlacct.file.core.windows.net",
            "primary_location": "eastus",
            "primary_queue_endpoint": "https://mdssqlacct.queue.core.windows.net/",
            "primary_queue_host": "mdssqlacct.queue.core.windows.net",
            "primary_table_endpoint": "https://mdssqlacct.table.core.windows.net/",
            "primary_table_host": "mdssqlacct.table.core.windows.net",
            "primary_web_endpoint": "https://mdssqlacct.z13.web.core.windows.net/",
            "primary_web_host": "mdssqlacct.z13.web.core.windows.net",
            "queue_properties": [
              {
                "cors_rule": [],
                "hour_metrics": [
                  {
                    "enabled": true,
                    "include_apis": true,
                    "retention_policy_days": 7,
                    "version": "1.0"
                  }
                ],
                "logging": [
                  {
                    "delete": false,
                    "read": false,
                    "retention_policy_days": 0,
                    "version": "1.0",
                    "write": false
                  }
                ],
                "minute_metrics": [
                  {
                    "enabled": false,
                    "include_apis": false,
                    "retention_policy_days": 0,
                    "version": "1.0"
                  }
                ]
              }
            ],
            "resource_group_name": "mdsdatafactory",
            "secondary_access_key": "fKLfg8M+S76m7fzMDLCFOfgEXquDbZ2NSBrNys8SGIv5VApLtglLzT3Hv5xfkYvS2Q8RemalAlluj9QZNTtuWw==",
            "secondary_blob_connection_string": "",
            "secondary_blob_endpoint": null,
            "secondary_blob_host": null,
            "secondary_connection_string": "DefaultEndpointsProtocol=https;AccountName=mdssqlacct;AccountKey=fKLfg8M+S76m7fzMDLCFOfgEXquDbZ2NSBrNys8SGIv5VApLtglLzT3Hv5xfkYvS2Q8RemalAlluj9QZNTtuWw==;EndpointSuffix=core.windows.net",
            "secondary_dfs_endpoint": null,
            "secondary_dfs_host": null,
            "secondary_file_endpoint": null,
            "secondary_file_host": null,
            "secondary_location": "",
            "secondary_queue_endpoint": null,
            "secondary_queue_host": null,
            "secondary_table_endpoint": null,
            "secondary_table_host": null,
            "secondary_web_endpoint": null,
            "secondary_web_host": null,
            "static_website": [],
            "tags": {},
            "timeouts": null
          },
          "private": "eyJlMmJmYjczMC1lY2FhLTExZTYtOGY4OC0zNDM2M2JjN2M0YzAiOnsiY3JlYXRlIjozNjAwMDAwMDAwMDAwLCJkZWxldGUiOjM2MDAwMDAwMDAwMDAsInJlYWQiOjMwMDAwMDAwMDAwMCwidXBkYXRlIjozNjAwMDAwMDAwMDAwfSwic2NoZW1hX3ZlcnNpb24iOiIyIn0=",
          "dependencies": [
            "azurerm_resource_group.MDSDATAFAC"
          ]
        }
      ]
    },
    {
      "mode": "managed",
      "type": "azurerm_subnet",
      "name": "MDSDF_subnet",
      "provider": "provider.azurerm",
      "instances": [
        {
          "schema_version": 0,
          "attributes": {
            "address_prefix": "10.0.1.0/24",
            "delegation": [],
            "enforce_private_link_endpoint_network_policies": false,
            "enforce_private_link_service_network_policies": false,
            "id": "/subscriptions/0b97f93e-03fa-49ab-a749-a10c33756e8e/resourceGroups/mdsdatafactory/providers/Microsoft.Network/virtualNetworks/mdsdfvnet/subnets/datafacsubnet",
            "name": "datafacsubnet",
            "resource_group_name": "mdsdatafactory",
            "service_endpoints": [],
            "timeouts": null,
            "virtual_network_name": "mdsdfvnet"
          },
          "private": "eyJlMmJmYjczMC1lY2FhLTExZTYtOGY4OC0zNDM2M2JjN2M0YzAiOnsiY3JlYXRlIjoxODAwMDAwMDAwMDAwLCJkZWxldGUiOjE4MDAwMDAwMDAwMDAsInJlYWQiOjMwMDAwMDAwMDAwMCwidXBkYXRlIjoxODAwMDAwMDAwMDAwfX0=",
          "dependencies": [
            "azurerm_resource_group.MDSDATAFAC",
            "azurerm_virtual_network.MDSDFVET"
          ]
        }
      ]
    },
    {
      "mode": "managed",
      "type": "azurerm_virtual_network",
      "name": "MDSDFVET",
      "provider": "provider.azurerm",
      "instances": [
        {
          "schema_version": 0,
          "attributes": {
            "address_space": [
              "10.0.0.0/16"
            ],
            "ddos_protection_plan": [],
            "dns_servers": [],
            "id": "/subscriptions/0b97f93e-03fa-49ab-a749-a10c33756e8e/resourceGroups/mdsdatafactory/providers/Microsoft.Network/virtualNetworks/mdsdfvnet",
            "location": "eastus",
            "name": "mdsdfvnet",
            "resource_group_name": "mdsdatafactory",
            "subnet": [
              {
                "address_prefix": "10.0.1.0/24",
                "id": "/subscriptions/0b97f93e-03fa-49ab-a749-a10c33756e8e/resourceGroups/mdsdatafactory/providers/Microsoft.Network/virtualNetworks/mdsdfvnet/subnets/datafacsubnet",
                "name": "datafacsubnet",
                "security_group": ""
              }
            ],
            "tags": {},
            "timeouts": null
          },
          "private": "eyJlMmJmYjczMC1lY2FhLTExZTYtOGY4OC0zNDM2M2JjN2M0YzAiOnsiY3JlYXRlIjoxODAwMDAwMDAwMDAwLCJkZWxldGUiOjE4MDAwMDAwMDAwMDAsInJlYWQiOjMwMDAwMDAwMDAwMCwidXBkYXRlIjoxODAwMDAwMDAwMDAwfX0=",
          "dependencies": [
            "azurerm_resource_group.MDSDATAFAC"
          ]
        }
      ]
    }
  ]
}
